{
  "name": "BlogAndCMS",
  "lockfileVersion": 3,
  "requires": true,
  "packages": {
    "": {
      "dependencies": {
        "@editorjs/editorjs": "^2.30.4"
      }
    },
    "node_modules/@editorjs/editorjs": {
      "version": "2.30.4",
      "resolved": "https://registry.npmjs.org/@editorjs/editorjs/-/editorjs-2.30.4.tgz",
      "integrity": "sha512-v79K3BQfJW7AKg3vECIhgNR7LI1j+LnH2UIZ6YMSHBFw/VJjZL0tATuYLm4Eyj4TiDIjgvOs2zQ9U4s724C8AA=="
    }
  }
}
